// !$*UTF8*$!
{
	archiveVersion = 1;
	classes = {
	};
	objectVersion = 50;
	objects = {

/* Begin PBXBuildFile section */
		52ACC1992357AA8000469CB2 /* AppDelegate.swift in Sources */ = {isa = PBXBuildFile; fileRef = 52ACC1982357AA8000469CB2 /* AppDelegate.swift */; };
		52ACC19B2357AA8000469CB2 /* ViewController.swift in Sources */ = {isa = PBXBuildFile; fileRef = 52ACC19A2357AA8000469CB2 /* ViewController.swift */; };
		52ACC19E2357AA8000469CB2 /* Main.storyboard in Resources */ = {isa = PBXBuildFile; fileRef = 52ACC19C2357AA8000469CB2 /* Main.storyboard */; };
		52ACC1A02357AA8100469CB2 /* Assets.xcassets in Resources */ = {isa = PBXBuildFile; fileRef = 52ACC19F2357AA8100469CB2 /* Assets.xcassets */; };
		52ACC1A32357AA8100469CB2 /* LaunchScreen.storyboard in Resources */ = {isa = PBXBuildFile; fileRef = 52ACC1A12357AA8100469CB2 /* LaunchScreen.storyboard */; };
		52ACC1AE2357AA8100469CB2 /* RestructureTests.swift in Sources */ = {isa = PBXBuildFile; fileRef = 52ACC1AD2357AA8100469CB2 /* RestructureTests.swift */; };
		52ACC1B92357AA8100469CB2 /* RestructureUITests.swift in Sources */ = {isa = PBXBuildFile; fileRef = 52ACC1B82357AA8100469CB2 /* RestructureUITests.swift */; };
/* End PBXBuildFile section */

/* Begin PBXContainerItemProxy section */
		52ACC1AA2357AA8100469CB2 /* PBXContainerItemProxy */ = {
			isa = PBXContainerItemProxy;
			containerPortal = 52ACC18D2357AA8000469CB2 /* Project object */;
			proxyType = 1;
			remoteGlobalIDString = 52ACC1942357AA8000469CB2;
			remoteInfo = Restructure;
		};
		52ACC1B52357AA8100469CB2 /* PBXContainerItemProxy */ = {
			isa = PBXContainerItemProxy;
			containerPortal = 52ACC18D2357AA8000469CB2 /* Project object */;
			proxyType = 1;
			remoteGlobalIDString = 52ACC1942357AA8000469CB2;
			remoteInfo = Restructure;
		};
/* End PBXContainerItemProxy section */

/* Begin PBXFileReference section */
		52ACC1952357AA8000469CB2 /* Restructure.app */ = {isa = PBXFileReference; explicitFileType = wrapper.application; includeInIndex = 0; path = Restructure.app; sourceTree = BUILT_PRODUCTS_DIR; };
		52ACC1982357AA8000469CB2 /* AppDelegate.swift */ = {isa = PBXFileReference; lastKnownFileType = sourcecode.swift; path = AppDelegate.swift; sourceTree = "<group>"; };
		52ACC19A2357AA8000469CB2 /* ViewController.swift */ = {isa = PBXFileReference; lastKnownFileType = sourcecode.swift; path = ViewController.swift; sourceTree = "<group>"; };
		52ACC19D2357AA8000469CB2 /* Base */ = {isa = PBXFileReference; lastKnownFileType = file.storyboard; name = Base; path = Base.lproj/Main.storyboard; sourceTree = "<group>"; };
		52ACC19F2357AA8100469CB2 /* Assets.xcassets */ = {isa = PBXFileReference; lastKnownFileType = folder.assetcatalog; path = Assets.xcassets; sourceTree = "<group>"; };
		52ACC1A22357AA8100469CB2 /* Base */ = {isa = PBXFileReference; lastKnownFileType = file.storyboard; name = Base; path = Base.lproj/LaunchScreen.storyboard; sourceTree = "<group>"; };
		52ACC1A42357AA8100469CB2 /* Info.plist */ = {isa = PBXFileReference; lastKnownFileType = text.plist.xml; path = Info.plist; sourceTree = "<group>"; };
		52ACC1A92357AA8100469CB2 /* RestructureTests.xctest */ = {isa = PBXFileReference; explicitFileType = wrapper.cfbundle; includeInIndex = 0; path = RestructureTests.xctest; sourceTree = BUILT_PRODUCTS_DIR; };
		52ACC1AD2357AA8100469CB2 /* RestructureTests.swift */ = {isa = PBXFileReference; lastKnownFileType = sourcecode.swift; path = RestructureTests.swift; sourceTree = "<group>"; };
		52ACC1AF2357AA8100469CB2 /* Info.plist */ = {isa = PBXFileReference; lastKnownFileType = text.plist.xml; path = Info.plist; sourceTree = "<group>"; };
		52ACC1B42357AA8100469CB2 /* RestructureUITests.xctest */ = {isa = PBXFileReference; explicitFileType = wrapper.cfbundle; includeInIndex = 0; path = RestructureUITests.xctest; sourceTree = BUILT_PRODUCTS_DIR; };
		52ACC1B82357AA8100469CB2 /* RestructureUITests.swift */ = {isa = PBXFileReference; lastKnownFileType = sourcecode.swift; path = RestructureUITests.swift; sourceTree = "<group>"; };
		52ACC1BA2357AA8100469CB2 /* Info.plist */ = {isa = PBXFileReference; lastKnownFileType = text.plist.xml; path = Info.plist; sourceTree = "<group>"; };
/* End PBXFileReference section */

/* Begin PBXFrameworksBuildPhase section */
		52ACC1922357AA8000469CB2 /* Frameworks */ = {
			isa = PBXFrameworksBuildPhase;
			buildActionMask = 2147483647;
			files = (
			);
			runOnlyForDeploymentPostprocessing = 0;
		};
		52ACC1A62357AA8100469CB2 /* Frameworks */ = {
			isa = PBXFrameworksBuildPhase;
			buildActionMask = 2147483647;
			files = (
			);
			runOnlyForDeploymentPostprocessing = 0;
		};
		52ACC1B12357AA8100469CB2 /* Frameworks */ = {
			isa = PBXFrameworksBuildPhase;
			buildActionMask = 2147483647;
			files = (
			);
			runOnlyForDeploymentPostprocessing = 0;
		};
/* End PBXFrameworksBuildPhase section */

/* Begin PBXGroup section */
		52ACC18C2357AA8000469CB2 = {
			isa = PBXGroup;
			children = (
				52ACC1972357AA8000469CB2 /* Restructure */,
				52ACC1AC2357AA8100469CB2 /* RestructureTests */,
				52ACC1B72357AA8100469CB2 /* RestructureUITests */,
				52ACC1962357AA8000469CB2 /* Products */,
			);
			sourceTree = "<group>";
		};
		52ACC1962357AA8000469CB2 /* Products */ = {
			isa = PBXGroup;
			children = (
				52ACC1952357AA8000469CB2 /* Restructure.app */,
				52ACC1A92357AA8100469CB2 /* RestructureTests.xctest */,
				52ACC1B42357AA8100469CB2 /* RestructureUITests.xctest */,
			);
			name = Products;
			sourceTree = "<group>";
		};
		52ACC1972357AA8000469CB2 /* Restructure */ = {
			isa = PBXGroup;
			children = (
				52ACC1982357AA8000469CB2 /* AppDelegate.swift */,
				52ACC19A2357AA8000469CB2 /* ViewController.swift */,
				52ACC19C2357AA8000469CB2 /* Main.storyboard */,
				52ACC19F2357AA8100469CB2 /* Assets.xcassets */,
				52ACC1A12357AA8100469CB2 /* LaunchScreen.storyboard */,
				52ACC1A42357AA8100469CB2 /* Info.plist */,
			);
			path = Restructure;
			sourceTree = "<group>";
		};
		52ACC1AC2357AA8100469CB2 /* RestructureTests */ = {
			isa = PBXGroup;
			children = (
				52ACC1AD2357AA8100469CB2 /* RestructureTests.swift */,
				52ACC1AF2357AA8100469CB2 /* Info.plist */,
			);
			path = RestructureTests;
			sourceTree = "<group>";
		};
		52ACC1B72357AA8100469CB2 /* RestructureUITests */ = {
			isa = PBXGroup;
			children = (
				52ACC1B82357AA8100469CB2 /* RestructureUITests.swift */,
				52ACC1BA2357AA8100469CB2 /* Info.plist */,
			);
			path = RestructureUITests;
			sourceTree = "<group>";
		};
/* End PBXGroup section */

/* Begin PBXNativeTarget section */
		52ACC1942357AA8000469CB2 /* Restructure */ = {
			isa = PBXNativeTarget;
			buildConfigurationList = 52ACC1BD2357AA8100469CB2 /* Build configuration list for PBXNativeTarget "Restructure" */;
			buildPhases = (
				52ACC1912357AA8000469CB2 /* Sources */,
				52ACC1922357AA8000469CB2 /* Frameworks */,
				52ACC1932357AA8000469CB2 /* Resources */,
			);
			buildRules = (
			);
			dependencies = (
			);
			name = Restructure;
			productName = Restructure;
			productReference = 52ACC1952357AA8000469CB2 /* Restructure.app */;
			productType = "com.apple.product-type.application";
		};
		52ACC1A82357AA8100469CB2 /* RestructureTests */ = {
			isa = PBXNativeTarget;
			buildConfigurationList = 52ACC1C02357AA8100469CB2 /* Build configuration list for PBXNativeTarget "RestructureTests" */;
			buildPhases = (
				52ACC1A52357AA8100469CB2 /* Sources */,
				52ACC1A62357AA8100469CB2 /* Frameworks */,
				52ACC1A72357AA8100469CB2 /* Resources */,
			);
			buildRules = (
			);
			dependencies = (
				52ACC1AB2357AA8100469CB2 /* PBXTargetDependency */,
			);
			name = RestructureTests;
			productName = RestructureTests;
			productReference = 52ACC1A92357AA8100469CB2 /* RestructureTests.xctest */;
			productType = "com.apple.product-type.bundle.unit-test";
		};
		52ACC1B32357AA8100469CB2 /* RestructureUITests */ = {
			isa = PBXNativeTarget;
			buildConfigurationList = 52ACC1C32357AA8100469CB2 /* Build configuration list for PBXNativeTarget "RestructureUITests" */;
			buildPhases = (
				52ACC1B02357AA8100469CB2 /* Sources */,
				52ACC1B12357AA8100469CB2 /* Frameworks */,
				52ACC1B22357AA8100469CB2 /* Resources */,
			);
			buildRules = (
			);
			dependencies = (
				52ACC1B62357AA8100469CB2 /* PBXTargetDependency */,
			);
			name = RestructureUITests;
			productName = RestructureUITests;
			productReference = 52ACC1B42357AA8100469CB2 /* RestructureUITests.xctest */;
			productType = "com.apple.product-type.bundle.ui-testing";
		};
/* End PBXNativeTarget section */

/* Begin PBXProject section */
		52ACC18D2357AA8000469CB2 /* Project object */ = {
			isa = PBXProject;
			attributes = {
				LastSwiftUpdateCheck = 1010;
				LastUpgradeCheck = 1010;
				ORGANIZATIONNAME = "Michael Her";
				TargetAttributes = {
					52ACC1942357AA8000469CB2 = {
						CreatedOnToolsVersion = 10.1;
					};
					52ACC1A82357AA8100469CB2 = {
						CreatedOnToolsVersion = 10.1;
						TestTargetID = 52ACC1942357AA8000469CB2;
					};
					52ACC1B32357AA8100469CB2 = {
						CreatedOnToolsVersion = 10.1;
						TestTargetID = 52ACC1942357AA8000469CB2;
					};
				};
			};
			buildConfigurationList = 52ACC1902357AA8000469CB2 /* Build configuration list for PBXProject "Restructure" */;
			compatibilityVersion = "Xcode 9.3";
			developmentRegion = en;
			hasScannedForEncodings = 0;
			knownRegions = (
				en,
				Base,
			);
			mainGroup = 52ACC18C2357AA8000469CB2;
			productRefGroup = 52ACC1962357AA8000469CB2 /* Products */;
			projectDirPath = "";
			projectRoot = "";
			targets = (
				52ACC1942357AA8000469CB2 /* Restructure */,
				52ACC1A82357AA8100469CB2 /* RestructureTests */,
				52ACC1B32357AA8100469CB2 /* RestructureUITests */,
			);
		};
/* End PBXProject section */

/* Begin PBXResourcesBuildPhase section */
		52ACC1932357AA8000469CB2 /* Resources */ = {
			isa = PBXResourcesBuildPhase;
			buildActionMask = 2147483647;
			files = (
				52ACC1A32357AA8100469CB2 /* LaunchScreen.storyboard in Resources */,
				52ACC1A02357AA8100469CB2 /* Assets.xcassets in Resources */,
				52ACC19E2357AA8000469CB2 /* Main.storyboard in Resources */,
			);
			runOnlyForDeploymentPostprocessing = 0;
		};
		52ACC1A72357AA8100469CB2 /* Resources */ = {
			isa = PBXResourcesBuildPhase;
			buildActionMask = 2147483647;
			files = (
			);
			runOnlyForDeploymentPostprocessing = 0;
		};
		52ACC1B22357AA8100469CB2 /* Resources */ = {
			isa = PBXResourcesBuildPhase;
			buildActionMask = 2147483647;
			files = (
			);
			runOnlyForDeploymentPostprocessing = 0;
		};
/* End PBXResourcesBuildPhase section */

/* Begin PBXSourcesBuildPhase section */
		52ACC1912357AA8000469CB2 /* Sources */ = {
			isa = PBXSourcesBuildPhase;
			buildActionMask = 2147483647;
			files = (
				52ACC19B2357AA8000469CB2 /* ViewController.swift in Sources */,
				52ACC1992357AA8000469CB2 /* AppDelegate.swift in Sources */,
			);
			runOnlyForDeploymentPostprocessing = 0;
		};
		52ACC1A52357AA8100469CB2 /* Sources */ = {
			isa = PBXSourcesBuildPhase;
			buildActionMask = 2147483647;
			files = (
				52ACC1AE2357AA8100469CB2 /* RestructureTests.swift in Sources */,
			);
			runOnlyForDeploymentPostprocessing = 0;
		};
		52ACC1B02357AA8100469CB2 /* Sources */ = {
			isa = PBXSourcesBuildPhase;
			buildActionMask = 2147483647;
			files = (
				52ACC1B92357AA8100469CB2 /* RestructureUITests.swift in Sources */,
			);
			runOnlyForDeploymentPostprocessing = 0;
		};
/* End PBXSourcesBuildPhase section */

/* Begin PBXTargetDependency section */
		52ACC1AB2357AA8100469CB2 /* PBXTargetDependency */ = {
			isa = PBXTargetDependency;
			target = 52ACC1942357AA8000469CB2 /* Restructure */;
			targetProxy = 52ACC1AA2357AA8100469CB2 /* PBXContainerItemProxy */;
		};
		52ACC1B62357AA8100469CB2 /* PBXTargetDependency */ = {
			isa = PBXTargetDependency;
			target = 52ACC1942357AA8000469CB2 /* Restructure */;
			targetProxy = 52ACC1B52357AA8100469CB2 /* PBXContainerItemProxy */;
		};
/* End PBXTargetDependency section */

/* Begin PBXVariantGroup section */
		52ACC19C2357AA8000469CB2 /* Main.storyboard */ = {
			isa = PBXVariantGroup;
			children = (
				52ACC19D2357AA8000469CB2 /* Base */,
			);
			name = Main.storyboard;
			sourceTree = "<group>";
		};
		52ACC1A12357AA8100469CB2 /* LaunchScreen.storyboard */ = {
			isa = PBXVariantGroup;
			children = (
				52ACC1A22357AA8100469CB2 /* Base */,
			);
			name = LaunchScreen.storyboard;
			sourceTree = "<group>";
		};
/* End PBXVariantGroup section */

/* Begin XCBuildConfiguration section */
		52ACC1BB2357AA8100469CB2 /* Debug */ = {
			isa = XCBuildConfiguration;
			buildSettings = {
				ALWAYS_SEARCH_USER_PATHS = NO;
				CLANG_ANALYZER_NONNULL = YES;
				CLANG_ANALYZER_NUMBER_OBJECT_CONVERSION = YES_AGGRESSIVE;
				CLANG_CXX_LANGUAGE_STANDARD = "gnu++14";
				CLANG_CXX_LIBRARY = "libc++";
				CLANG_ENABLE_MODULES = YES;
				CLANG_ENABLE_OBJC_ARC = YES;
				CLANG_ENABLE_OBJC_WEAK = YES;
				CLANG_WARN_BLOCK_CAPTURE_AUTORELEASING = YES;
				CLANG_WARN_BOOL_CONVERSION = YES;
				CLANG_WARN_COMMA = YES;
				CLANG_WARN_CONSTANT_CONVERSION = YES;
				CLANG_WARN_DEPRECATED_OBJC_IMPLEMENTATIONS = YES;
				CLANG_WARN_DIRECT_OBJC_ISA_USAGE = YES_ERROR;
				CLANG_WARN_DOCUMENTATION_COMMENTS = YES;
				CLANG_WARN_EMPTY_BODY = YES;
				CLANG_WARN_ENUM_CONVERSION = YES;
				CLANG_WARN_INFINITE_RECURSION = YES;
				CLANG_WARN_INT_CONVERSION = YES;
				CLANG_WARN_NON_LITERAL_NULL_CONVERSION = YES;
				CLANG_WARN_OBJC_IMPLICIT_RETAIN_SELF = YES;
				CLANG_WARN_OBJC_LITERAL_CONVERSION = YES;
				CLANG_WARN_OBJC_ROOT_CLASS = YES_ERROR;
				CLANG_WARN_RANGE_LOOP_ANALYSIS = YES;
				CLANG_WARN_STRICT_PROTOTYPES = YES;
				CLANG_WARN_SUSPICIOUS_MOVE = YES;
				CLANG_WARN_UNGUARDED_AVAILABILITY = YES_AGGRESSIVE;
				CLANG_WARN_UNREACHABLE_CODE = YES;
				CLANG_WARN__DUPLICATE_METHOD_MATCH = YES;
				CODE_SIGN_IDENTITY = "iPhone Developer";
				COPY_PHASE_STRIP = NO;
				DEBUG_INFORMATION_FORMAT = dwarf;
				ENABLE_STRICT_OBJC_MSGSEND = YES;
				ENABLE_TESTABILITY = YES;
				GCC_C_LANGUAGE_STANDARD = gnu11;
				GCC_DYNAMIC_NO_PIC = NO;
				GCC_NO_COMMON_BLOCKS = YES;
				GCC_OPTIMIZATION_LEVEL = 0;
				GCC_PREPROCESSOR_DEFINITIONS = (
					"DEBUG=1",
					"$(inherited)",
				);
				GCC_WARN_64_TO_32_BIT_CONVERSION = YES;
				GCC_WARN_ABOUT_RETURN_TYPE = YES_ERROR;
				GCC_WARN_UNDECLARED_SELECTOR = YES;
				GCC_WARN_UNINITIALIZED_AUTOS = YES_AGGRESSIVE;
				GCC_WARN_UNUSED_FUNCTION = YES;
				GCC_WARN_UNUSED_VARIABLE = YES;
				IPHONEOS_DEPLOYMENT_TARGET = 12.1;
				MTL_ENABLE_DEBUG_INFO = INCLUDE_SOURCE;
				MTL_FAST_MATH = YES;
				ONLY_ACTIVE_ARCH = YES;
				SDKROOT = iphoneos;
				SWIFT_ACTIVE_COMPILATION_CONDITIONS = DEBUG;
				SWIFT_OPTIMIZATION_LEVEL = "-Onone";
			};
			name = Debug;
		};
		52ACC1BC2357AA8100469CB2 /* Release */ = {
			isa = XCBuildConfiguration;
			buildSettings = {
				ALWAYS_SEARCH_USER_PATHS = NO;
				CLANG_ANALYZER_NONNULL = YES;
				CLANG_ANALYZER_NUMBER_OBJECT_CONVERSION = YES_AGGRESSIVE;
				CLANG_CXX_LANGUAGE_STANDARD = "gnu++14";
				CLANG_CXX_LIBRARY = "libc++";
				CLANG_ENABLE_MODULES = YES;
				CLANG_ENABLE_OBJC_ARC = YES;
				CLANG_ENABLE_OBJC_WEAK = YES;
				CLANG_WARN_BLOCK_CAPTURE_AUTORELEASING = YES;
				CLANG_WARN_BOOL_CONVERSION = YES;
				CLANG_WARN_COMMA = YES;
				CLANG_WARN_CONSTANT_CONVERSION = YES;
				CLANG_WARN_DEPRECATED_OBJC_IMPLEMENTATIONS = YES;
				CLANG_WARN_DIRECT_OBJC_ISA_USAGE = YES_ERROR;
				CLANG_WARN_DOCUMENTATION_COMMENTS = YES;
				CLANG_WARN_EMPTY_BODY = YES;
				CLANG_WARN_ENUM_CONVERSION = YES;
				CLANG_WARN_INFINITE_RECURSION = YES;
				CLANG_WARN_INT_CONVERSION = YES;
				CLANG_WARN_NON_LITERAL_NULL_CONVERSION = YES;
				CLANG_WARN_OBJC_IMPLICIT_RETAIN_SELF = YES;
				CLANG_WARN_OBJC_LITERAL_CONVERSION = YES;
				CLANG_WARN_OBJC_ROOT_CLASS = YES_ERROR;
				CLANG_WARN_RANGE_LOOP_ANALYSIS = YES;
				CLANG_WARN_STRICT_PROTOTYPES = YES;
				CLANG_WARN_SUSPICIOUS_MOVE = YES;
				CLANG_WARN_UNGUARDED_AVAILABILITY = YES_AGGRESSIVE;
				CLANG_WARN_UNREACHABLE_CODE = YES;
				CLANG_WARN__DUPLICATE_METHOD_MATCH = YES;
				CODE_SIGN_IDENTITY = "iPhone Developer";
				COPY_PHASE_STRIP = NO;
				DEBUG_INFORMATION_FORMAT = "dwarf-with-dsym";
				ENABLE_NS_ASSERTIONS = NO;
				ENABLE_STRICT_OBJC_MSGSEND = YES;
				GCC_C_LANGUAGE_STANDARD = gnu11;
				GCC_NO_COMMON_BLOCKS = YES;
				GCC_WARN_64_TO_32_BIT_CONVERSION = YES;
				GCC_WARN_ABOUT_RETURN_TYPE = YES_ERROR;
				GCC_WARN_UNDECLARED_SELECTOR = YES;
				GCC_WARN_UNINITIALIZED_AUTOS = YES_AGGRESSIVE;
				GCC_WARN_UNUSED_FUNCTION = YES;
				GCC_WARN_UNUSED_VARIABLE = YES;
				IPHONEOS_DEPLOYMENT_TARGET = 12.1;
				MTL_ENABLE_DEBUG_INFO = NO;
				MTL_FAST_MATH = YES;
				SDKROOT = iphoneos;
				SWIFT_COMPILATION_MODE = wholemodule;
				SWIFT_OPTIMIZATION_LEVEL = "-O";
				VALIDATE_PRODUCT = YES;
			};
			name = Release;
		};
		52ACC1BE2357AA8100469CB2 /* Debug */ = {
			isa = XCBuildConfiguration;
			buildSettings = {
				ASSETCATALOG_COMPILER_APPICON_NAME = AppIcon;
				CODE_SIGN_STYLE = Automatic;
				INFOPLIST_FILE = Restructure/Info.plist;
				LD_RUNPATH_SEARCH_PATHS = (
					"$(inherited)",
					"@executable_path/Frameworks",
				);
				PRODUCT_BUNDLE_IDENTIFIER = Michael.Restructure;
				PRODUCT_NAME = "$(TARGET_NAME)";
				SWIFT_VERSION = 4.2;
				TARGETED_DEVICE_FAMILY = "1,2";
			};
			name = Debug;
		};
		52ACC1BF2357AA8100469CB2 /* Release */ = {
			isa = XCBuildConfiguration;
			buildSettings = {
				ASSETCATALOG_COMPILER_APPICON_NAME = AppIcon;
				CODE_SIGN_STYLE = Automatic;
				INFOPLIST_FILE = Restructure/Info.plist;
				LD_RUNPATH_SEARCH_PATHS = (
					"$(inherited)",
					"@executable_path/Frameworks",
				);
				PRODUCT_BUNDLE_IDENTIFIER = Michael.Restructure;
				PRODUCT_NAME = "$(TARGET_NAME)";
				SWIFT_VERSION = 4.2;
				TARGETED_DEVICE_FAMILY = "1,2";
			};
			name = Release;
		};
		52ACC1C12357AA8100469CB2 /* Debug */ = {
			isa = XCBuildConfiguration;
			buildSettings = {
				ALWAYS_EMBED_SWIFT_STANDARD_LIBRARIES = YES;
				BUNDLE_LOADER = "$(TEST_HOST)";
				CODE_SIGN_STYLE = Automatic;
				INFOPLIST_FILE = RestructureTests/Info.plist;
				LD_RUNPATH_SEARCH_PATHS = (
					"$(inherited)",
					"@executable_path/Frameworks",
					"@loader_path/Frameworks",
				);
				PRODUCT_BUNDLE_IDENTIFIER = Michael.RestructureTests;
				PRODUCT_NAME = "$(TARGET_NAME)";
				SWIFT_VERSION = 4.2;
				TARGETED_DEVICE_FAMILY = "1,2";
				TEST_HOST = "$(BUILT_PRODUCTS_DIR)/Restructure.app/Restructure";
			};
			name = Debug;
		};
		52ACC1C22357AA8100469CB2 /* Release */ = {
			isa = XCBuildConfiguration;
			buildSettings = {
				ALWAYS_EMBED_SWIFT_STANDARD_LIBRARIES = YES;
				BUNDLE_LOADER = "$(TEST_HOST)";
				CODE_SIGN_STYLE = Automatic;
				INFOPLIST_FILE = RestructureTests/Info.plist;
				LD_RUNPATH_SEARCH_PATHS = (
					"$(inherited)",
					"@executable_path/Frameworks",
					"@loader_path/Frameworks",
				);
				PRODUCT_BUNDLE_IDENTIFIER = Michael.RestructureTests;
				PRODUCT_NAME = "$(TARGET_NAME)";
				SWIFT_VERSION = 4.2;
				TARGETED_DEVICE_FAMILY = "1,2";
				TEST_HOST = "$(BUILT_PRODUCTS_DIR)/Restructure.app/Restructure";
			};
			name = Release;
		};
		52ACC1C42357AA8100469CB2 /* Debug */ = {
			isa = XCBuildConfiguration;
			buildSettings = {
				ALWAYS_EMBED_SWIFT_STANDARD_LIBRARIES = YES;
				CODE_SIGN_STYLE = Automatic;
				INFOPLIST_FILE = RestructureUITests/Info.plist;
				LD_RUNPATH_SEARCH_PATHS = (
					"$(inherited)",
					"@executable_path/Frameworks",
					"@loader_path/Frameworks",
				);
				PRODUCT_BUNDLE_IDENTIFIER = Michael.RestructureUITests;
				PRODUCT_NAME = "$(TARGET_NAME)";
				SWIFT_VERSION = 4.2;
				TARGETED_DEVICE_FAMILY = "1,2";
				TEST_TARGET_NAME = Restructure;
			};
			name = Debug;
		};
		52ACC1C52357AA8100469CB2 /* Release */ = {
			isa = XCBuildConfiguration;
			buildSettings = {
				ALWAYS_EMBED_SWIFT_STANDARD_LIBRARIES = YES;
				CODE_SIGN_STYLE = Automatic;
				INFOPLIST_FILE = RestructureUITests/Info.plist;
				LD_RUNPATH_SEARCH_PATHS = (
					"$(inherited)",
					"@executable_path/Frameworks",
					"@loader_path/Frameworks",
				);
				PRODUCT_BUNDLE_IDENTIFIER = Michael.RestructureUITests;
				PRODUCT_NAME = "$(TARGET_NAME)";
				SWIFT_VERSION = 4.2;
				TARGETED_DEVICE_FAMILY = "1,2";
				TEST_TARGET_NAME = Restructure;
			};
			name = Release;
		};
/* End XCBuildConfiguration section */

/* Begin XCConfigurationList section */
		52ACC1902357AA8000469CB2 /* Build configuration list for PBXProject "Restructure" */ = {
			isa = XCConfigurationList;
			buildConfigurations = (
				52ACC1BB2357AA8100469CB2 /* Debug */,
				52ACC1BC2357AA8100469CB2 /* Release */,
			);
			defaultConfigurationIsVisible = 0;
			defaultConfigurationName = Release;
		};
		52ACC1BD2357AA8100469CB2 /* Build configuration list for PBXNativeTarget "Restructure" */ = {
			isa = XCConfigurationList;
			buildConfigurations = (
				52ACC1BE2357AA8100469CB2 /* Debug */,
				52ACC1BF2357AA8100469CB2 /* Release */,
			);
			defaultConfigurationIsVisible = 0;
			defaultConfigurationName = Release;
		};
		52ACC1C02357AA8100469CB2 /* Build configuration list for PBXNativeTarget "RestructureTests" */ = {
			isa = XCConfigurationList;
			buildConfigurations = (
				52ACC1C12357AA8100469CB2 /* Debug */,
				52ACC1C22357AA8100469CB2 /* Release */,
			);
			defaultConfigurationIsVisible = 0;
			defaultConfigurationName = Release;
		};
		52ACC1C32357AA8100469CB2 /* Build configuration list for PBXNativeTarget "RestructureUITests" */ = {
			isa = XCConfigurationList;
			buildConfigurations = (
				52ACC1C42357AA8100469CB2 /* Debug */,
				52ACC1C52357AA8100469CB2 /* Release */,
			);
			defaultConfigurationIsVisible = 0;
			defaultConfigurationName = Release;
		};
/* End XCConfigurationList section */
	};
	rootObject = 52ACC18D2357AA8000469CB2 /* Project object */;
}
